
Microsoft Visual Studio Solution File, Format Version 12.00
# Visual Studio Version 17
VisualStudioVersion = 17.8.34330.188
MinimumVisualStudioVersion = 10.0.40219.1
Project("{FAE04EC0-301F-11D3-BF4B-00C04F79EFBC}") = "crowdfunding", "crowdfunding.csproj", "{FC661FD7-F46D-4494-9B2C-9E44D73B7ACF}"
EndProject
Global
	GlobalSection(SolutionConfigurationPlatforms) = preSolution
		Debug|Any CPU = Debug|Any CPU
		Release|Any CPU = Release|Any CPU
	EndGlobalSection
	GlobalSection(ProjectConfigurationPlatforms) = postSolution
		{FC661FD7-F46D-4494-9B2C-9E44D73B7ACF}.Debug|Any CPU.ActiveCfg = Debug|Any CPU
		{FC661FD7-F46D-4494-9B2C-9E44D73B7ACF}.Debug|Any CPU.Build.0 = Debug|Any CPU
		{FC661FD7-F46D-4494-9B2C-9E44D73B7ACF}.Release|Any CPU.ActiveCfg = Release|Any CPU
		{FC661FD7-F46D-4494-9B2C-9E44D73B7ACF}.Release|Any CPU.Build.0 = Release|Any CPU
	EndGlobalSection
	GlobalSection(SolutionProperties) = preSolution
		HideSolutionNode = FALSE
	EndGlobalSection
	GlobalSection(ExtensibilityGlobals) = postSolution
		SolutionGuid = {5B4B514F-9DCE-4F82-987B-360CFC00050A}
	EndGlobalSection
EndGlobal
